
Microsoft Visual Studio Solution File, Format Version 12.00
# Visual Studio Version 16
VisualStudioVersion = 16.0.31112.23
MinimumVisualStudioVersion = 10.0.40219.1
Project("{FAE04EC0-301F-11D3-BF4B-00C04F79EFBC}") = "CollectionTrackingHandler", "src\CollectionTrackingHandler\CollectionTrackingHandler.csproj", "{95D12E72-7296-4417-98EE-EA7787105002}"
EndProject
Global
	GlobalSection(SolutionConfigurationPlatforms) = preSolution
		Debug|Any CPU = Debug|Any CPU
		Release|Any CPU = Release|Any CPU
	EndGlobalSection
	GlobalSection(ProjectConfigurationPlatforms) = postSolution
		{95D12E72-7296-4417-98EE-EA7787105002}.Debug|Any CPU.ActiveCfg = Debug|Any CPU
		{95D12E72-7296-4417-98EE-EA7787105002}.Debug|Any CPU.Build.0 = Debug|Any CPU
		{95D12E72-7296-4417-98EE-EA7787105002}.Release|Any CPU.ActiveCfg = Release|Any CPU
		{95D12E72-7296-4417-98EE-EA7787105002}.Release|Any CPU.Build.0 = Release|Any CPU
	EndGlobalSection
	GlobalSection(SolutionProperties) = preSolution
		HideSolutionNode = FALSE
	EndGlobalSection
	GlobalSection(ExtensibilityGlobals) = postSolution
		SolutionGuid = {FCFEDEC1-2E09-47E9-90DA-B3E633043739}
	EndGlobalSection
EndGlobal
